
Microsoft Visual Studio Solution File, Format Version 12.00
# Visual Studio Version 17
VisualStudioVersion = 17.11.35327.3
MinimumVisualStudioVersion = 10.0.40219.1
Project("{FAE04EC0-301F-11D3-BF4B-00C04F79EFBC}") = "pyRevit Forms", "pyRevit Forms\pyRevit Forms.csproj", "{43CD7820-2F5A-4FA0-BDB5-24F5DD221D79}"
EndProject
Global
	GlobalSection(SolutionConfigurationPlatforms) = preSolution
		Debug|Any CPU = Debug|Any CPU
		Release|Any CPU = Release|Any CPU
	EndGlobalSection
	GlobalSection(ProjectConfigurationPlatforms) = postSolution
		{43CD7820-2F5A-4FA0-BDB5-24F5DD221D79}.Debug|Any CPU.ActiveCfg = Debug|Any CPU
		{43CD7820-2F5A-4FA0-BDB5-24F5DD221D79}.Debug|Any CPU.Build.0 = Debug|Any CPU
		{43CD7820-2F5A-4FA0-BDB5-24F5DD221D79}.Release|Any CPU.ActiveCfg = Release|Any CPU
		{43CD7820-2F5A-4FA0-BDB5-24F5DD221D79}.Release|Any CPU.Build.0 = Release|Any CPU
	EndGlobalSection
	GlobalSection(SolutionProperties) = preSolution
		HideSolutionNode = FALSE
	EndGlobalSection
	GlobalSection(ExtensibilityGlobals) = postSolution
		SolutionGuid = {D29F87E2-A96E-436E-8FA9-B2975C722A1F}
	EndGlobalSection
EndGlobal
